<?xml version="1.0" encoding="utf-8"?>
<Project ToolsVersion="15.0" xmlns="http://schemas.microsoft.com/developer/msbuild/2003">
  <ItemGroup>
    <CustomBuild Include="C:\Users\osipov.n\Desktop\mp2-lab2-matrix\include\CMakeLists.txt" />
  </ItemGroup>
  <ItemGroup>
    <None Include="C:\Users\osipov.n\Desktop\mp2-lab2-matrix\include\utmatrix.h">
      <Filter>Header Files</Filter>
    </None>
  </ItemGroup>
  <ItemGroup>
    <Filter Include="Header Files">
      <UniqueIdentifier>{7AF59BFD-97C3-3941-9CE8-C2BB37EBE6FA}</UniqueIdentifier>
    </Filter>
  </ItemGroup>
</Project>
