Microsoft Visual Studio Solution File, Format Version 12.00
# Visual Studio 15
Project("{8BC9CEB8-8B4A-11D0-8D11-00A0C91BC942}") = "ALL_BUILD", "ALL_BUILD.vcxproj", "{503EBDE1-4ABD-313B-948F-7CC43EB1E23B}"
	ProjectSection(ProjectDependencies) = postProject
		{A5625C45-A1F0-3C3C-8C6F-883D5EFBF18D} = {A5625C45-A1F0-3C3C-8C6F-883D5EFBF18D}
		{81B4B839-A19F-3233-B6BD-936C701BE1C7} = {81B4B839-A19F-3233-B6BD-936C701BE1C7}
		{F5D19318-5A49-319E-B42C-1CF7934A1E47} = {F5D19318-5A49-319E-B42C-1CF7934A1E47}
		{A6C7F5D7-7526-382B-BBC0-21C2DDF3C20C} = {A6C7F5D7-7526-382B-BBC0-21C2DDF3C20C}
	EndProjectSection
EndProject
Project("{8BC9CEB8-8B4A-11D0-8D11-00A0C91BC942}") = "ZERO_CHECK", "ZERO_CHECK.vcxproj", "{A5625C45-A1F0-3C3C-8C6F-883D5EFBF18D}"
	ProjectSection(ProjectDependencies) = postProject
	EndProjectSection
EndProject
Project("{8BC9CEB8-8B4A-11D0-8D11-00A0C91BC942}") = "gtest", "gtest\gtest.vcxproj", "{81B4B839-A19F-3233-B6BD-936C701BE1C7}"
	ProjectSection(ProjectDependencies) = postProject
		{A5625C45-A1F0-3C3C-8C6F-883D5EFBF18D} = {A5625C45-A1F0-3C3C-8C6F-883D5EFBF18D}
	EndProjectSection
EndProject
Project("{8BC9CEB8-8B4A-11D0-8D11-00A0C91BC942}") = "matrix", "include\matrix.vcxproj", "{895D4659-B9A9-3D41-9074-C6F06D5CE19F}"
	ProjectSection(ProjectDependencies) = postProject
		{A5625C45-A1F0-3C3C-8C6F-883D5EFBF18D} = {A5625C45-A1F0-3C3C-8C6F-883D5EFBF18D}
	EndProjectSection
EndProject
Project("{8BC9CEB8-8B4A-11D0-8D11-00A0C91BC942}") = "sample_matrix", "samples\sample_matrix.vcxproj", "{F5D19318-5A49-319E-B42C-1CF7934A1E47}"
	ProjectSection(ProjectDependencies) = postProject
		{A5625C45-A1F0-3C3C-8C6F-883D5EFBF18D} = {A5625C45-A1F0-3C3C-8C6F-883D5EFBF18D}
	EndProjectSection
EndProject
Project("{8BC9CEB8-8B4A-11D0-8D11-00A0C91BC942}") = "test_matrix", "test\test_matrix.vcxproj", "{A6C7F5D7-7526-382B-BBC0-21C2DDF3C20C}"
	ProjectSection(ProjectDependencies) = postProject
		{A5625C45-A1F0-3C3C-8C6F-883D5EFBF18D} = {A5625C45-A1F0-3C3C-8C6F-883D5EFBF18D}
		{81B4B839-A19F-3233-B6BD-936C701BE1C7} = {81B4B839-A19F-3233-B6BD-936C701BE1C7}
	EndProjectSection
EndProject
Global
	GlobalSection(SolutionConfigurationPlatforms) = preSolution
		Debug|Win32 = Debug|Win32
		Release|Win32 = Release|Win32
	EndGlobalSection
	GlobalSection(ProjectConfigurationPlatforms) = postSolution
		{503EBDE1-4ABD-313B-948F-7CC43EB1E23B}.Debug|Win32.ActiveCfg = Debug|Win32
		{503EBDE1-4ABD-313B-948F-7CC43EB1E23B}.Release|Win32.ActiveCfg = Release|Win32
		{A5625C45-A1F0-3C3C-8C6F-883D5EFBF18D}.Debug|Win32.ActiveCfg = Debug|Win32
		{A5625C45-A1F0-3C3C-8C6F-883D5EFBF18D}.Debug|Win32.Build.0 = Debug|Win32
		{A5625C45-A1F0-3C3C-8C6F-883D5EFBF18D}.Release|Win32.ActiveCfg = Release|Win32
		{A5625C45-A1F0-3C3C-8C6F-883D5EFBF18D}.Release|Win32.Build.0 = Release|Win32
		{81B4B839-A19F-3233-B6BD-936C701BE1C7}.Debug|Win32.ActiveCfg = Debug|Win32
		{81B4B839-A19F-3233-B6BD-936C701BE1C7}.Debug|Win32.Build.0 = Debug|Win32
		{81B4B839-A19F-3233-B6BD-936C701BE1C7}.Release|Win32.ActiveCfg = Release|Win32
		{81B4B839-A19F-3233-B6BD-936C701BE1C7}.Release|Win32.Build.0 = Release|Win32
		{895D4659-B9A9-3D41-9074-C6F06D5CE19F}.Debug|Win32.ActiveCfg = Debug|Win32
		{895D4659-B9A9-3D41-9074-C6F06D5CE19F}.Release|Win32.ActiveCfg = Release|Win32
		{F5D19318-5A49-319E-B42C-1CF7934A1E47}.Debug|Win32.ActiveCfg = Debug|Win32
		{F5D19318-5A49-319E-B42C-1CF7934A1E47}.Debug|Win32.Build.0 = Debug|Win32
		{F5D19318-5A49-319E-B42C-1CF7934A1E47}.Release|Win32.ActiveCfg = Release|Win32
		{F5D19318-5A49-319E-B42C-1CF7934A1E47}.Release|Win32.Build.0 = Release|Win32
		{A6C7F5D7-7526-382B-BBC0-21C2DDF3C20C}.Debug|Win32.ActiveCfg = Debug|Win32
		{A6C7F5D7-7526-382B-BBC0-21C2DDF3C20C}.Debug|Win32.Build.0 = Debug|Win32
		{A6C7F5D7-7526-382B-BBC0-21C2DDF3C20C}.Release|Win32.ActiveCfg = Release|Win32
		{A6C7F5D7-7526-382B-BBC0-21C2DDF3C20C}.Release|Win32.Build.0 = Release|Win32
	EndGlobalSection
	GlobalSection(ExtensibilityGlobals) = postSolution
		SolutionGuid = {3260245E-496A-33E1-997D-C9023C83650B}
	EndGlobalSection
	GlobalSection(ExtensibilityAddIns) = postSolution
	EndGlobalSection
EndGlobal
