<?xml version="1.0" encoding="utf-8"?>
<Project ToolsVersion="15.0" xmlns="http://schemas.microsoft.com/developer/msbuild/2003">
  <ItemGroup>
    <ClCompile Include="C:\Users\osipov.n\Desktop\mp2-lab2-matrix\samples\sample_matrix.cpp">
      <Filter>Source Files</Filter>
    </ClCompile>
  </ItemGroup>
  <ItemGroup>
    <CustomBuild Include="C:\Users\osipov.n\Desktop\mp2-lab2-matrix\samples\CMakeLists.txt" />
  </ItemGroup>
  <ItemGroup>
    <Filter Include="Source Files">
      <UniqueIdentifier>{27D77A3A-1267-3A0A-A87B-083F250C922E}</UniqueIdentifier>
    </Filter>
  </ItemGroup>
</Project>
